<?xml version="1.0" encoding="utf-8"?>
<Project ToolsVersion="4.0" xmlns="http://schemas.microsoft.com/developer/msbuild/2003">
  <ItemGroup>
    <Filter Include="win32">
      <UniqueIdentifier>{84a8ebd7-7cf0-47f6-b75e-d441df67da40}</UniqueIdentifier>
    </Filter>
    <Filter Include="Classes">
      <UniqueIdentifier>{bb6c862e-70e9-49d9-81b7-3829a6f50471}</UniqueIdentifier>
    </Filter>
    <Filter Include="resource">
      <UniqueIdentifier>{715254bc-d70b-4ec5-bf29-467dd3ace079}</UniqueIdentifier>
    </Filter>
    <Filter Include="resource\hero">
      <UniqueIdentifier>{1a355921-6981-4f9d-86ad-c0d56f04794a}</UniqueIdentifier>
    </Filter>
    <Filter Include="resource\material">
      <UniqueIdentifier>{28aa73fa-e6b0-472c-8b4d-e2de8e60a062}</UniqueIdentifier>
    </Filter>
    <Filter Include="resource\menu">
      <UniqueIdentifier>{85095412-8127-4bbd-95d2-9c77f95c8f90}</UniqueIdentifier>
    </Filter>
    <Filter Include="resource\music">
      <UniqueIdentifier>{335e034b-73f7-4cac-a6a7-6022120fa142}</UniqueIdentifier>
    </Filter>
    <Filter Include="resource\fonts">
      <UniqueIdentifier>{cfac8ff9-27a6-4a97-a72d-605d6f2e0420}</UniqueIdentifier>
    </Filter>
    <Filter Include="Classes\Utilities">
      <UniqueIdentifier>{42e91fc6-d665-4079-83f3-a1e8e3bd9db9}</UniqueIdentifier>
    </Filter>
    <Filter Include="Classes\Utilities\ZRBTheme">
      <UniqueIdentifier>{bfd873d9-ba58-4db3-a2ed-1d63749c5632}</UniqueIdentifier>
    </Filter>
    <Filter Include="Classes\Utilities\ZRBUserDate">
      <UniqueIdentifier>{88bff162-20b5-47e8-a9c4-9ee882fede30}</UniqueIdentifier>
    </Filter>
    <Filter Include="Classes\Utilities\ZRBLanguage">
      <UniqueIdentifier>{dde1a16d-3eca-4289-8029-e88e1107eb18}</UniqueIdentifier>
    </Filter>
    <Filter Include="resource\Language">
      <UniqueIdentifier>{a632b93b-9c74-44f9-bc05-13988585b31f}</UniqueIdentifier>
    </Filter>
    <Filter Include="Classes\Layer">
      <UniqueIdentifier>{cd35a604-4761-4589-aac7-6514b42bddf7}</UniqueIdentifier>
    </Filter>
    <Filter Include="Classes\Scene">
      <UniqueIdentifier>{3a36cd25-df60-45ef-a4dd-3c283b2a827d}</UniqueIdentifier>
    </Filter>
    <Filter Include="Classes\Layer\ZRBViewLayer">
      <UniqueIdentifier>{f67e8822-778a-4496-a5c5-6b866e037717}</UniqueIdentifier>
    </Filter>
    <Filter Include="Classes\Layer\ZRBMenu">
      <UniqueIdentifier>{d6f62867-b8c2-4f11-ba6f-76fc35388c05}</UniqueIdentifier>
    </Filter>
    <Filter Include="Classes\Layer\ZRBAuxiliary">
      <UniqueIdentifier>{2f193b9b-6078-4aee-b766-731ec4d781d6}</UniqueIdentifier>
    </Filter>
    <Filter Include="Classes\Layer\ZRBLayer">
      <UniqueIdentifier>{3908faef-9122-47ca-a679-0801473d205f}</UniqueIdentifier>
    </Filter>
    <Filter Include="Classes\Layer\ZRBMenu\ZRBMenuModule">
      <UniqueIdentifier>{05ce3ae1-232f-4469-9ee3-a9efe6cff3a2}</UniqueIdentifier>
    </Filter>
    <Filter Include="Classes\Layer\ZRBMenu\ZRBMenuModule\ZRBMenuMarket">
      <UniqueIdentifier>{4320fcb0-daaf-4a53-aed3-c78563ced663}</UniqueIdentifier>
    </Filter>
    <Filter Include="Classes\Layer\ZRBGame">
      <UniqueIdentifier>{13b1d87f-aa91-4b01-bfdd-87b0bace84bd}</UniqueIdentifier>
    </Filter>
    <Filter Include="Classes\Layer\ZRBGame\ZRBGameMenu">
      <UniqueIdentifier>{91a83058-40f9-4ebd-aaac-13651e613c12}</UniqueIdentifier>
    </Filter>
    <Filter Include="Classes\Layer\ZRBGame\ZRBGameLayer">
      <UniqueIdentifier>{f10ae7c9-bb44-49da-8a1f-923c0c13c61c}</UniqueIdentifier>
    </Filter>
  </ItemGroup>
  <ItemGroup>
    <ClCompile Include="main.cpp">
      <Filter>win32</Filter>
    </ClCompile>
    <ClCompile Include="..\Classes\AppDelegate.cpp">
      <Filter>Classes</Filter>
    </ClCompile>
    <ClCompile Include="..\Classes\Utilities\ZRBTheme\ZRBTheme.cpp">
      <Filter>Classes\Utilities\ZRBTheme</Filter>
    </ClCompile>
    <ClCompile Include="..\Classes\Utilities\ZRBUserDate\ZRBUserDate.cpp">
      <Filter>Classes\Utilities\ZRBUserDate</Filter>
    </ClCompile>
    <ClCompile Include="..\Classes\Utilities\ZRBLanguage\ZRBLanguage.cpp">
      <Filter>Classes\Utilities\ZRBLanguage</Filter>
    </ClCompile>
    <ClCompile Include="..\Classes\Scene\ZRBScene.cpp">
      <Filter>Classes\Scene</Filter>
    </ClCompile>
    <ClCompile Include="..\Classes\Layer\ZRBViewLayer\ZRB_PageView.cpp">
      <Filter>Classes\Layer\ZRBViewLayer</Filter>
    </ClCompile>
    <ClCompile Include="..\Classes\Layer\ZRBViewLayer\ZRBTableViewCell.cpp">
      <Filter>Classes\Layer\ZRBViewLayer</Filter>
    </ClCompile>
    <ClCompile Include="..\Classes\Layer\ZRBMenu\ZRBMenuBase.cpp">
      <Filter>Classes\Layer\ZRBMenu</Filter>
    </ClCompile>
    <ClCompile Include="..\Classes\Layer\ZRBAuxiliary\ZRBMessageLayer.cpp">
      <Filter>Classes\Layer\ZRBAuxiliary</Filter>
    </ClCompile>
    <ClCompile Include="..\Classes\Layer\ZRBAuxiliary\ZRBLoadingLayer.cpp">
      <Filter>Classes\Layer\ZRBAuxiliary</Filter>
    </ClCompile>
    <ClCompile Include="..\Classes\Layer\ZRBLayer\ZRBHomeLayer.cpp">
      <Filter>Classes\Layer\ZRBLayer</Filter>
    </ClCompile>
    <ClCompile Include="..\Classes\Layer\ZRBLayer\ZRBPageView.cpp">
      <Filter>Classes\Layer\ZRBLayer</Filter>
    </ClCompile>
    <ClCompile Include="..\Classes\Layer\ZRBMenu\ZRBMenu.cpp">
      <Filter>Classes\Layer\ZRBMenu</Filter>
    </ClCompile>
    <ClCompile Include="..\Classes\Layer\ZRBMenu\ZRBMenuModule\ZRBMenuSet.cpp">
      <Filter>Classes\Layer\ZRBMenu\ZRBMenuModule</Filter>
    </ClCompile>
    <ClCompile Include="..\Classes\Layer\ZRBMenu\ZRBMenuModule\ZRBMenuChars.cpp">
      <Filter>Classes\Layer\ZRBMenu\ZRBMenuModule</Filter>
    </ClCompile>
    <ClCompile Include="..\Classes\Layer\ZRBMenu\ZRBMenuModule\ZRBMenuMarket.cpp">
      <Filter>Classes\Layer\ZRBMenu\ZRBMenuModule</Filter>
    </ClCompile>
    <ClCompile Include="..\Classes\Layer\ZRBMenu\ZRBMenuModule\ZRBMenuMarket\ZRBMarketRole.cpp">
      <Filter>Classes\Layer\ZRBMenu\ZRBMenuModule\ZRBMenuMarket</Filter>
    </ClCompile>
    <ClCompile Include="..\Classes\Layer\ZRBMenu\ZRBMenuModule\ZRBMenuMarket\ZRBMarketGold.cpp">
      <Filter>Classes\Layer\ZRBMenu\ZRBMenuModule\ZRBMenuMarket</Filter>
    </ClCompile>
    <ClCompile Include="..\Classes\Layer\ZRBGame\ZRBGameMenu\ZRBGameMenuLayer.cpp">
      <Filter>Classes\Layer\ZRBGame\ZRBGameMenu</Filter>
    </ClCompile>
    <ClCompile Include="..\Classes\Layer\ZRBGame\ZRBGameMenu\ZRBGameFinishLayer.cpp">
      <Filter>Classes\Layer\ZRBGame\ZRBGameMenu</Filter>
    </ClCompile>
    <ClCompile Include="..\Classes\Layer\ZRBGame\ZRBHeroSprite.cpp">
      <Filter>Classes\Layer\ZRBGame</Filter>
    </ClCompile>
    <ClCompile Include="..\Classes\Layer\ZRBGame\ZRBGameLayer\ZRBBaseGameLayer.cpp">
      <Filter>Classes\Layer\ZRBGame\ZRBGameLayer</Filter>
    </ClCompile>
    <ClCompile Include="..\Classes\Layer\ZRBGame\ZRBGameLayer\ZRBGameLayer.cpp">
      <Filter>Classes\Layer\ZRBGame\ZRBGameLayer</Filter>
    </ClCompile>
    <ClCompile Include="..\Classes\Scene\ZRBThreadLoading.cpp">
      <Filter>Classes\Scene</Filter>
    </ClCompile>
  </ItemGroup>
  <ItemGroup>
    <ClInclude Include="main.h">
      <Filter>win32</Filter>
    </ClInclude>
    <ClInclude Include="..\Classes\AppDelegate.h">
      <Filter>Classes</Filter>
    </ClInclude>
    <ClInclude Include="..\Classes\Utilities\ZRBConfig.h">
      <Filter>Classes\Utilities</Filter>
    </ClInclude>
    <ClInclude Include="..\Classes\Utilities\ZRBTheme\ZRBTheme.h">
      <Filter>Classes\Utilities\ZRBTheme</Filter>
    </ClInclude>
    <ClInclude Include="..\Classes\Utilities\ZRBUserDate\ZRBUserDate.h">
      <Filter>Classes\Utilities\ZRBUserDate</Filter>
    </ClInclude>
    <ClInclude Include="..\Classes\Utilities\ZRBLanguage\ZRBLanguage.h">
      <Filter>Classes\Utilities\ZRBLanguage</Filter>
    </ClInclude>
    <ClInclude Include="..\Classes\Scene\ZRBScene.h">
      <Filter>Classes\Scene</Filter>
    </ClInclude>
    <ClInclude Include="..\Classes\Layer\ZRBViewLayer\ZRB_PageView.h">
      <Filter>Classes\Layer\ZRBViewLayer</Filter>
    </ClInclude>
    <ClInclude Include="..\Classes\Layer\ZRBViewLayer\ZRBTableViewCell.h">
      <Filter>Classes\Layer\ZRBViewLayer</Filter>
    </ClInclude>
    <ClInclude Include="..\Classes\Layer\ZRBMenu\ZRBMenuBase.h">
      <Filter>Classes\Layer\ZRBMenu</Filter>
    </ClInclude>
    <ClInclude Include="..\Classes\Layer\ZRBAuxiliary\ZRBMessageLayer.h">
      <Filter>Classes\Layer\ZRBAuxiliary</Filter>
    </ClInclude>
    <ClInclude Include="..\Classes\Layer\ZRBAuxiliary\ZRBLoadingLayer.h">
      <Filter>Classes\Layer\ZRBAuxiliary</Filter>
    </ClInclude>
    <ClInclude Include="..\Classes\Layer\ZRBLayer\ZRBHomeLayer.h">
      <Filter>Classes\Layer\ZRBLayer</Filter>
    </ClInclude>
    <ClInclude Include="..\Classes\Layer\ZRBLayer\ZRBPageView.h">
      <Filter>Classes\Layer\ZRBLayer</Filter>
    </ClInclude>
    <ClInclude Include="..\Classes\Layer\ZRBMenu\ZRBMenu.h">
      <Filter>Classes\Layer\ZRBMenu</Filter>
    </ClInclude>
    <ClInclude Include="..\Classes\Layer\ZRBMenu\ZRBMenuModule\ZRBMenuSet.h">
      <Filter>Classes\Layer\ZRBMenu\ZRBMenuModule</Filter>
    </ClInclude>
    <ClInclude Include="..\Classes\Layer\ZRBMenu\ZRBMenuModule\ZRBMenuChars.h">
      <Filter>Classes\Layer\ZRBMenu\ZRBMenuModule</Filter>
    </ClInclude>
    <ClInclude Include="..\Classes\Layer\ZRBMenu\ZRBMenuModule\ZRBMenuMarket.h">
      <Filter>Classes\Layer\ZRBMenu\ZRBMenuModule</Filter>
    </ClInclude>
    <ClInclude Include="..\Classes\Layer\ZRBMenu\ZRBMenuModule\ZRBMenuMarket\ZRBMarketRole.h">
      <Filter>Classes\Layer\ZRBMenu\ZRBMenuModule\ZRBMenuMarket</Filter>
    </ClInclude>
    <ClInclude Include="..\Classes\Layer\ZRBMenu\ZRBMenuModule\ZRBMenuMarket\ZRBMarketGold.h">
      <Filter>Classes\Layer\ZRBMenu\ZRBMenuModule\ZRBMenuMarket</Filter>
    </ClInclude>
    <ClInclude Include="..\Classes\Layer\ZRBGame\ZRBGameMenu\ZRBGameMenuLayer.h">
      <Filter>Classes\Layer\ZRBGame\ZRBGameMenu</Filter>
    </ClInclude>
    <ClInclude Include="..\Classes\Layer\ZRBGame\ZRBGameMenu\ZRBGameFinishLayer.h">
      <Filter>Classes\Layer\ZRBGame\ZRBGameMenu</Filter>
    </ClInclude>
    <ClInclude Include="..\Classes\Layer\ZRBGame\ZRBHeroSprite.h">
      <Filter>Classes\Layer\ZRBGame</Filter>
    </ClInclude>
    <ClInclude Include="..\Classes\Layer\ZRBGame\ZRBGameLayer\ZRBBaseGameLayer.h">
      <Filter>Classes\Layer\ZRBGame\ZRBGameLayer</Filter>
    </ClInclude>
    <ClInclude Include="..\Classes\Layer\ZRBGame\ZRBGameLayer\ZRBGameLayer.h">
      <Filter>Classes\Layer\ZRBGame\ZRBGameLayer</Filter>
    </ClInclude>
    <ClInclude Include="..\Classes\Scene\ZRBThreadLoading.h">
      <Filter>Classes\Scene</Filter>
    </ClInclude>
  </ItemGroup>
  <ItemGroup>
    <ResourceCompile Include="game.rc">
      <Filter>resource</Filter>
    </ResourceCompile>
  </ItemGroup>
  <ItemGroup>
    <Font Include="..\Resources\fonts\customfout.otf">
      <Filter>resource\fonts</Filter>
    </Font>
    <Font Include="..\Resources\fonts\Marker Felt.ttf">
      <Filter>resource\fonts</Filter>
    </Font>
  </ItemGroup>
  <ItemGroup>
    <None Include="..\Resources\menu\game_menuItem.plist">
      <Filter>resource\menu</Filter>
    </None>
    <None Include="..\Resources\menu\gameFinish_Layer.plist">
      <Filter>resource\menu</Filter>
    </None>
    <None Include="..\Resources\menu\homeMenu.plist">
      <Filter>resource\menu</Filter>
    </None>
    <None Include="..\Resources\material\blueSky_material.plist">
      <Filter>resource\material</Filter>
    </None>
    <None Include="..\Resources\material\summer_material.plist">
      <Filter>resource\material</Filter>
    </None>
    <None Include="..\Resources\material\sweet_material.plist">
      <Filter>resource\material</Filter>
    </None>
    <None Include="..\Resources\Language\en.plist">
      <Filter>resource\Language</Filter>
    </None>
    <None Include="..\Resources\Language\zh.plist">
      <Filter>resource\Language</Filter>
    </None>
    <None Include="..\Resources\hero\grotle_hero.plist">
      <Filter>resource\hero</Filter>
    </None>
    <None Include="..\Resources\hero\hoot_hero.plist">
      <Filter>resource\hero</Filter>
    </None>
    <None Include="..\Resources\hero\magcargo_hero.plist">
      <Filter>resource\hero</Filter>
    </None>
    <None Include="..\Resources\hero\spinarak_hero.plist">
      <Filter>resource\hero</Filter>
    </None>
    <None Include="..\Resources\hero\tropius_hero.plist">
      <Filter>resource\hero</Filter>
    </None>
    <None Include="..\Resources\menu\Gold_pic.plist">
      <Filter>resource\menu</Filter>
    </None>
    <None Include="..\Resources\hero\spoink_hero.plist">
      <Filter>resource\hero</Filter>
    </None>
  </ItemGroup>
  <ItemGroup>
    <Image Include="..\Resources\menu\game_menuItem.png">
      <Filter>resource\menu</Filter>
    </Image>
    <Image Include="..\Resources\menu\gameFinish_Layer.png">
      <Filter>resource\menu</Filter>
    </Image>
    <Image Include="..\Resources\menu\homeMenu.png">
      <Filter>resource\menu</Filter>
    </Image>
    <Image Include="..\Resources\material\blueSky_material.png">
      <Filter>resource\material</Filter>
    </Image>
    <Image Include="..\Resources\material\summer_material.png">
      <Filter>resource\material</Filter>
    </Image>
    <Image Include="..\Resources\material\sweet_material.png">
      <Filter>resource\material</Filter>
    </Image>
    <Image Include="..\Resources\CloseNormal.png">
      <Filter>resource</Filter>
    </Image>
    <Image Include="..\Resources\CloseSelected.png">
      <Filter>resource</Filter>
    </Image>
    <Image Include="..\Resources\HelloWorld.png">
      <Filter>resource</Filter>
    </Image>
    <Image Include="..\Resources\point.png">
      <Filter>resource</Filter>
    </Image>
    <Image Include="..\Resources\star.png">
      <Filter>resource</Filter>
    </Image>
    <Image Include="..\Resources\hero\grotle_hero.png">
      <Filter>resource\hero</Filter>
    </Image>
    <Image Include="..\Resources\hero\hoot_hero.png">
      <Filter>resource\hero</Filter>
    </Image>
    <Image Include="..\Resources\hero\magcargo_hero.png">
      <Filter>resource\hero</Filter>
    </Image>
    <Image Include="..\Resources\hero\spinarak_hero.png">
      <Filter>resource\hero</Filter>
    </Image>
    <Image Include="..\Resources\hero\tropius_hero.png">
      <Filter>resource\hero</Filter>
    </Image>
    <Image Include="..\Resources\menu\Gold_pic.png">
      <Filter>resource\menu</Filter>
    </Image>
    <Image Include="..\Resources\hero\spoink_hero.png">
      <Filter>resource\hero</Filter>
    </Image>
  </ItemGroup>
  <ItemGroup>
    <Media Include="..\Resources\music\Bgmusic.mp3">
      <Filter>resource\music</Filter>
    </Media>
    <Media Include="..\Resources\music\buttonClick.mp3">
      <Filter>resource\music</Filter>
    </Media>
    <Media Include="..\Resources\music\Die.mp3">
      <Filter>resource\music</Filter>
    </Media>
    <Media Include="..\Resources\music\Goldcoin.mp3">
      <Filter>resource\music</Filter>
    </Media>
    <Media Include="..\Resources\music\Jump.mp3">
      <Filter>resource\music</Filter>
    </Media>
  </ItemGroup>
</Project>